PODS:
  - ZJScrollViewModule (0.1.0):
    - ZJScrollViewModule/ZJScrollView (= 0.1.0)
  - ZJScrollViewModule/ZJScrollView (0.1.0)

DEPENDENCIES:
  - ZJScrollViewModule (from `../`)

EXTERNAL SOURCES:
  ZJScrollViewModule:
    :path: "../"

SPEC CHECKSUMS:
  ZJScrollViewModule: 3c81131886f7e5bb26a2c2ec9e29082e8e98ad0c

PODFILE CHECKSUM: 3b2fa4dd2f726f2dad2cec47bf71203693aace2d

COCOAPODS: 1.6.1
