PODS:
  - ZJScrollViewModule (0.1.0)

DEPENDENCIES:
  - ZJScrollViewModule (from `../`)

EXTERNAL SOURCES:
  ZJScrollViewModule:
    :path: "../"

SPEC CHECKSUMS:
  ZJScrollViewModule: 89034eff5ae5fa1e0e282553d907c6929ca2b759

PODFILE CHECKSUM: 3b2fa4dd2f726f2dad2cec47bf71203693aace2d

COCOAPODS: 1.6.1
